
Microsoft Visual Studio Solution File, Format Version 12.00
# Visual Studio Version 17
VisualStudioVersion = 17.1.32210.238
MinimumVisualStudioVersion = 10.0.40219.1
Project("{FAE04EC0-301F-11D3-BF4B-00C04F79EFBC}") = "TGC.AsgerThyregodDK.Functions", "TGC.AsgerThyregodDK.Functions\TGC.AsgerThyregodDK.Functions.csproj", "{0C639BBD-1B37-4DA2-8B0E-756368F164D7}"
EndProject
Global
	GlobalSection(SolutionConfigurationPlatforms) = preSolution
		Debug|Any CPU = Debug|Any CPU
		Release|Any CPU = Release|Any CPU
	EndGlobalSection
	GlobalSection(ProjectConfigurationPlatforms) = postSolution
		{0C639BBD-1B37-4DA2-8B0E-756368F164D7}.Debug|Any CPU.ActiveCfg = Debug|Any CPU
		{0C639BBD-1B37-4DA2-8B0E-756368F164D7}.Debug|Any CPU.Build.0 = Debug|Any CPU
		{0C639BBD-1B37-4DA2-8B0E-756368F164D7}.Release|Any CPU.ActiveCfg = Release|Any CPU
		{0C639BBD-1B37-4DA2-8B0E-756368F164D7}.Release|Any CPU.Build.0 = Release|Any CPU
	EndGlobalSection
	GlobalSection(SolutionProperties) = preSolution
		HideSolutionNode = FALSE
	EndGlobalSection
	GlobalSection(ExtensibilityGlobals) = postSolution
		SolutionGuid = {90D020AC-32E2-4C7A-A23D-E6AF4634ABE3}
	EndGlobalSection
EndGlobal
